
Microsoft Visual Studio Solution File, Format Version 12.00
# Visual Studio Version 17
VisualStudioVersion = 17.14.37027.9 d17.14
MinimumVisualStudioVersion = 10.0.40219.1
Project("{8BC9CEB8-8B4A-11D0-8D11-00A0C91BC942}") = "exp1-3", "exp1-3\exp1-3.vcxproj", "{864CDB30-818F-4FA0-AD7F-D5059AAA96EE}"
EndProject
Global
	GlobalSection(SolutionConfigurationPlatforms) = preSolution
		Debug|x64 = Debug|x64
		Debug|x86 = Debug|x86
		Release|x64 = Release|x64
		Release|x86 = Release|x86
	EndGlobalSection
	GlobalSection(ProjectConfigurationPlatforms) = postSolution
		{864CDB30-818F-4FA0-AD7F-D5059AAA96EE}.Debug|x64.ActiveCfg = Debug|x64
		{864CDB30-818F-4FA0-AD7F-D5059AAA96EE}.Debug|x64.Build.0 = Debug|x64
		{864CDB30-818F-4FA0-AD7F-D5059AAA96EE}.Debug|x86.ActiveCfg = Debug|Win32
		{864CDB30-818F-4FA0-AD7F-D5059AAA96EE}.Debug|x86.Build.0 = Debug|Win32
		{864CDB30-818F-4FA0-AD7F-D5059AAA96EE}.Release|x64.ActiveCfg = Release|x64
		{864CDB30-818F-4FA0-AD7F-D5059AAA96EE}.Release|x64.Build.0 = Release|x64
		{864CDB30-818F-4FA0-AD7F-D5059AAA96EE}.Release|x86.ActiveCfg = Release|Win32
		{864CDB30-818F-4FA0-AD7F-D5059AAA96EE}.Release|x86.Build.0 = Release|Win32
	EndGlobalSection
	GlobalSection(SolutionProperties) = preSolution
		HideSolutionNode = FALSE
	EndGlobalSection
	GlobalSection(ExtensibilityGlobals) = postSolution
		SolutionGuid = {B8C33A88-813E-4D09-90D6-69452BA29470}
	EndGlobalSection
EndGlobal
