
Microsoft Visual Studio Solution File, Format Version 12.00
# Visual Studio Version 17
VisualStudioVersion = 17.14.37027.9 d17.14
MinimumVisualStudioVersion = 10.0.40219.1
Project("{FAE04EC0-301F-11D3-BF4B-00C04F79EFBC}") = "winexp1-1", "winexp1-1\winexp1-1.csproj", "{8A2BE0A2-9EE5-4723-9036-F0E1CC7FE2BA}"
EndProject
Global
	GlobalSection(SolutionConfigurationPlatforms) = preSolution
		Debug|Any CPU = Debug|Any CPU
		Release|Any CPU = Release|Any CPU
	EndGlobalSection
	GlobalSection(ProjectConfigurationPlatforms) = postSolution
		{8A2BE0A2-9EE5-4723-9036-F0E1CC7FE2BA}.Debug|Any CPU.ActiveCfg = Debug|Any CPU
		{8A2BE0A2-9EE5-4723-9036-F0E1CC7FE2BA}.Debug|Any CPU.Build.0 = Debug|Any CPU
		{8A2BE0A2-9EE5-4723-9036-F0E1CC7FE2BA}.Release|Any CPU.ActiveCfg = Release|Any CPU
		{8A2BE0A2-9EE5-4723-9036-F0E1CC7FE2BA}.Release|Any CPU.Build.0 = Release|Any CPU
	EndGlobalSection
	GlobalSection(SolutionProperties) = preSolution
		HideSolutionNode = FALSE
	EndGlobalSection
	GlobalSection(ExtensibilityGlobals) = postSolution
		SolutionGuid = {0B606397-ACE5-491F-B98E-0C42DD658074}
	EndGlobalSection
EndGlobal
