
Microsoft Visual Studio Solution File, Format Version 12.00
# Visual Studio Version 17
VisualStudioVersion = 17.14.37027.9 d17.14
MinimumVisualStudioVersion = 10.0.40219.1
Project("{888888A0-9F3D-457C-B088-3A5042F75D52}") = "MLexp1", "MLexp1\MLexp1.pyproj", "{F744472F-1A66-460F-B6EA-894D3841BF6F}"
EndProject
Global
	GlobalSection(SolutionConfigurationPlatforms) = preSolution
		Debug|Any CPU = Debug|Any CPU
		Release|Any CPU = Release|Any CPU
	EndGlobalSection
	GlobalSection(ProjectConfigurationPlatforms) = postSolution
		{F744472F-1A66-460F-B6EA-894D3841BF6F}.Debug|Any CPU.ActiveCfg = Debug|Any CPU
		{F744472F-1A66-460F-B6EA-894D3841BF6F}.Release|Any CPU.ActiveCfg = Release|Any CPU
	EndGlobalSection
	GlobalSection(SolutionProperties) = preSolution
		HideSolutionNode = FALSE
	EndGlobalSection
	GlobalSection(ExtensibilityGlobals) = postSolution
		SolutionGuid = {77229150-0BB2-40CF-A812-3D65BB69E781}
	EndGlobalSection
EndGlobal
